
Microsoft Visual Studio Solution File, Format Version 12.00
# Visual Studio 15
VisualStudioVersion = 15.0.28010.2050
MinimumVisualStudioVersion = 10.0.40219.1
Project("{9A19103F-16F7-4668-BE54-9A1E7A4F7556}") = "TheFriendShip", "TheFriendShip\TheFriendShip.csproj", "{B0667F49-D781-483E-8B04-052712A6E321}"
EndProject
Global
	GlobalSection(SolutionConfigurationPlatforms) = preSolution
		Debug|Any CPU = Debug|Any CPU
		Release|Any CPU = Release|Any CPU
	EndGlobalSection
	GlobalSection(ProjectConfigurationPlatforms) = postSolution
		{B0667F49-D781-483E-8B04-052712A6E321}.Debug|Any CPU.ActiveCfg = Debug|Any CPU
		{B0667F49-D781-483E-8B04-052712A6E321}.Debug|Any CPU.Build.0 = Debug|Any CPU
		{B0667F49-D781-483E-8B04-052712A6E321}.Release|Any CPU.ActiveCfg = Release|Any CPU
		{B0667F49-D781-483E-8B04-052712A6E321}.Release|Any CPU.Build.0 = Release|Any CPU
	EndGlobalSection
	GlobalSection(SolutionProperties) = preSolution
		HideSolutionNode = FALSE
	EndGlobalSection
	GlobalSection(ExtensibilityGlobals) = postSolution
		SolutionGuid = {E5D668DD-11A9-4798-A6F1-04C5B68FBDFD}
	EndGlobalSection
EndGlobal
